<?xml version="1.0" encoding="utf-8"?>
<Project ToolsVersion="4.0" xmlns="http://schemas.microsoft.com/developer/msbuild/2003">
  <ItemGroup>
    <ClCompile Include="test_Kata.cpp" />
    <ClCompile Include="Kata.cpp" />
    <ClCompile Include="Bowling.cpp" />
    <ClCompile Include="test_Bowling.cpp" />
  </ItemGroup>
  <ItemGroup>
    <ClInclude Include="Kata.h" />
    <ClInclude Include="pch.h" />
    <ClInclude Include="Bowling.h" />
  </ItemGroup>
  <ItemGroup>
    <None Include="packages.config" />
  </ItemGroup>
  <ItemGroup>
    <Filter Include="Algorithms">
      <UniqueIdentifier>{4f0f69f9-0715-4eb3-bae7-06126e3d434d}</UniqueIdentifier>
    </Filter>
    <Filter Include="Algorithms\_CodeWars">
      <UniqueIdentifier>{db726576-e323-4fae-a6d9-50294f328f3f}</UniqueIdentifier>
    </Filter>
    <Filter Include="Algorithms\_Codility">
      <UniqueIdentifier>{f730abf7-3366-4f3e-997e-a10eea7d82e8}</UniqueIdentifier>
    </Filter>
    <Filter Include="Algorithms\Context">
      <UniqueIdentifier>{dd493195-e61a-4ece-b887-88777fbf28c4}</UniqueIdentifier>
    </Filter>
    <Filter Include="Algorithms\Geometry">
      <UniqueIdentifier>{19b92281-eb11-41c6-96ef-eddcd1660a70}</UniqueIdentifier>
    </Filter>
    <Filter Include="Algorithms\Games">
      <UniqueIdentifier>{06908acc-9c59-4235-a8c4-3ba5d4f7a17b}</UniqueIdentifier>
    </Filter>
    <Filter Include="Algorithms\LargeNumbers">
      <UniqueIdentifier>{9b6355e7-00a9-4fc4-ae78-db9dc2328983}</UniqueIdentifier>
    </Filter>
    <Filter Include="Algorithms\Searching">
      <UniqueIdentifier>{556fad3d-6277-4087-815a-e18dec6c89fd}</UniqueIdentifier>
    </Filter>
    <Filter Include="Algorithms\Sorting">
      <UniqueIdentifier>{9466af39-ee88-4bd1-a228-bd41dcfdabb5}</UniqueIdentifier>
    </Filter>
    <Filter Include="Algorithms\Strings">
      <UniqueIdentifier>{980daae5-71f9-40d1-a448-2a8e75aa4fac}</UniqueIdentifier>
    </Filter>
    <Filter Include="DataStructures">
      <UniqueIdentifier>{dda8c718-07d1-4850-adba-f3dce455543b}</UniqueIdentifier>
    </Filter>
    <Filter Include="Qt">
      <UniqueIdentifier>{a0165b16-2f97-4ec9-9261-45ea39b83ffc}</UniqueIdentifier>
    </Filter>
  </ItemGroup>
</Project>